
Microsoft Visual Studio Solution File, Format Version 12.00
# Visual Studio 2013
VisualStudioVersion = 12.0.21005.1
MinimumVisualStudioVersion = 10.0.40219.1
Project("{FAE04EC0-301F-11D3-BF4B-00C04F79EFBC}") = "MathСalculator.Domain", "MathСalculator.Domain\MathСalculator.Domain.csproj", "{BAF85F45-D183-4402-8C1C-9D99DE7603DA}"
EndProject
Project("{FAE04EC0-301F-11D3-BF4B-00C04F79EFBC}") = "MathСalculator.WebUI", "MathСalculator.WebUI\MathСalculator.WebUI.csproj", "{1CA3872F-E39F-432A-9802-1F07B877E2D8}"
EndProject
Global
	GlobalSection(SolutionConfigurationPlatforms) = preSolution
		Debug|Any CPU = Debug|Any CPU
		Release|Any CPU = Release|Any CPU
	EndGlobalSection
	GlobalSection(ProjectConfigurationPlatforms) = postSolution
		{BAF85F45-D183-4402-8C1C-9D99DE7603DA}.Debug|Any CPU.ActiveCfg = Debug|Any CPU
		{BAF85F45-D183-4402-8C1C-9D99DE7603DA}.Debug|Any CPU.Build.0 = Debug|Any CPU
		{BAF85F45-D183-4402-8C1C-9D99DE7603DA}.Release|Any CPU.ActiveCfg = Release|Any CPU
		{BAF85F45-D183-4402-8C1C-9D99DE7603DA}.Release|Any CPU.Build.0 = Release|Any CPU
		{1CA3872F-E39F-432A-9802-1F07B877E2D8}.Debug|Any CPU.ActiveCfg = Debug|Any CPU
		{1CA3872F-E39F-432A-9802-1F07B877E2D8}.Debug|Any CPU.Build.0 = Debug|Any CPU
		{1CA3872F-E39F-432A-9802-1F07B877E2D8}.Release|Any CPU.ActiveCfg = Release|Any CPU
		{1CA3872F-E39F-432A-9802-1F07B877E2D8}.Release|Any CPU.Build.0 = Release|Any CPU
	EndGlobalSection
	GlobalSection(SolutionProperties) = preSolution
		HideSolutionNode = FALSE
	EndGlobalSection
EndGlobal
